{
    "_readme": [
        "This file locks the dependencies of your project to a known state",
        "Read more about it at https://getcomposer.org/doc/01-basic-usage.md#composer-lock-the-lock-file",
        "This file is @generated automatically"
    ],
    "hash": "a93e9d8500b99503483fc6283a8b7227",
    "content-hash": "7b1e98040e2157e9a6e1858fc89f87b6",
    "packages": [
        {
            "name": "cmpayments/jsonlint",
            "version": "v0.0.5",
            "source": {
                "type": "git",
                "url": "https://github.com/cmpayments/jsonlint.git",
                "reference": "ed993ebd58e280861d69ba9c4a59ac8fbcfa5ab9"
            },
            "dist": {
                "type": "zip",
                "url": "https://api.github.com/repos/cmpayments/jsonlint/zipball/ed993ebd58e280861d69ba9c4a59ac8fbcfa5ab9",
                "reference": "ed993ebd58e280861d69ba9c4a59ac8fbcfa5ab9",
                "shasum": ""
            },
            "require": {
                "php": "^5.4 || ^7.0"
            },
            "suggest": {
                "phpunit/phpunit": "If PHP Unit is not globally installed on your system the tests will not run, install the PHP Unit package locally to run the tests"
            },
            "type": "library",
            "autoload": {
                "psr-4": {
                    "CMPayments\\JsonLint\\": "src/CMPayments/JsonLint/"
                }
            },
            "notification-url": "https://packagist.org/downloads/",
            "license": [
                "MIT"
            ],
            "authors": [
                {
                    "name": "Boy Wijnmaalen",
                    "email": "boy.wijnmaalen@cmtelecom.com",
                    "homepage": "https://www.cmpayments.com"
                }
            ],
            "description": "JSON Lint for PHP checks a string for invalid or malformed JSON, control character error, incorrect encoding or just plain old syntax errors. It returns comprehensive feedback in a one-line error message (one-line message especially meant for REST APIs) about the first error that occurred in the (JSON) string. It supports both RFC 4627 and (its superseding) RFC 7159.",
            "homepage": "https://github.com/cmpayments/jsonlint",
            "keywords": [
                "json",
                "lint",
                "linter",
                "parser",
                "php",
                "syntax",
                "syntaxcheck",
                "validator"
            ],
            "time": "2016-03-25 10:10:29"
        }
    ],
    "packages-dev": [],
    "aliases": [],
    "minimum-stability": "stable",
    "stability-flags": [],
    "prefer-stable": false,
    "prefer-lowest": false,
    "platform": {
        "php": "^5.4 || ^7.0"
    },
    "platform-dev": []
}
