{
    "_readme": [
        "This file locks the dependencies of your project to a known state",
        "Read more about it at https://getcomposer.org/doc/01-basic-usage.md#composer-lock-the-lock-file",
        "This file is @generated automatically"
    ],
    "hash": "6f02e2a84cd46d256c9170ff0507bd62",
    "content-hash": "e31ad96696f8e528367852c2940a8214",
    "packages": [
        {
            "name": "cmpayments/jsonlint",
            "version": "v0.0.4",
            "source": {
                "type": "git",
                "url": "https://github.com/cmpayments/jsonlint.git",
                "reference": "1aa21d7b941bf3b89e1178efde4fcada2b76682c"
            },
            "dist": {
                "type": "zip",
                "url": "https://api.github.com/repos/cmpayments/jsonlint/zipball/1aa21d7b941bf3b89e1178efde4fcada2b76682c",
                "reference": "1aa21d7b941bf3b89e1178efde4fcada2b76682c",
                "shasum": ""
            },
            "require": {
                "php": "^5.4 || ^7.0"
            },
            "suggest": {
                "phpunit/phpunit": "If PHP Unit is not globally installed on your system the tests will not run, install the PHP Unit package locally to run the tests"
            },
            "type": "library",
            "autoload": {
                "psr-4": {
                    "CMPayments\\JsonLint\\": "src/CMPayments/JsonLint/"
                }
            },
            "notification-url": "https://packagist.org/downloads/",
            "license": [
                "MIT"
            ],
            "authors": [
                {
                    "name": "Boy Wijnmaalen",
                    "email": "boy.wijnmaalen@cmtelecom.com",
                    "homepage": "https://www.cmpayments.com"
                }
            ],
            "description": "JSON Lint for PHP checks a string for invalid or malformed JSON, control character error, incorrect encoding or just plain old syntax errors. It returns comprehensive feedback in a one-line error message (one-line message especially meant for REST APIs) about the first error that occurred in the (JSON) string. It supports both RFC 4627 and (its superseding) RFC 7159.",
            "homepage": "https://github.com/cmpayments/jsonlint",
            "keywords": [
                "json",
                "lint",
                "linter",
                "parser",
                "php",
                "syntax",
                "syntaxcheck",
                "validator"
            ],
            "time": "2016-01-21 09:44:34"
        }
    ],
    "packages-dev": [],
    "aliases": [],
    "minimum-stability": "stable",
    "stability-flags": [],
    "prefer-stable": false,
    "prefer-lowest": false,
    "platform": {
        "php": "^5.4 || ^7.0"
    },
    "platform-dev": []
}
